
Microsoft Visual Studio Solution File, Format Version 12.00
# Visual Studio Version 17
VisualStudioVersion = 17.8.34511.84
MinimumVisualStudioVersion = 10.0.40219.1
Project("{FAE04EC0-301F-11D3-BF4B-00C04F79EFBC}") = "WpfHW13.06", "WpfHW13.06\WpfHW13.06.csproj", "{8685F67A-4455-49F8-AB9D-896D9C7119B7}"
EndProject
Global
	GlobalSection(SolutionConfigurationPlatforms) = preSolution
		Debug|Any CPU = Debug|Any CPU
		Release|Any CPU = Release|Any CPU
	EndGlobalSection
	GlobalSection(ProjectConfigurationPlatforms) = postSolution
		{8685F67A-4455-49F8-AB9D-896D9C7119B7}.Debug|Any CPU.ActiveCfg = Debug|Any CPU
		{8685F67A-4455-49F8-AB9D-896D9C7119B7}.Debug|Any CPU.Build.0 = Debug|Any CPU
		{8685F67A-4455-49F8-AB9D-896D9C7119B7}.Release|Any CPU.ActiveCfg = Release|Any CPU
		{8685F67A-4455-49F8-AB9D-896D9C7119B7}.Release|Any CPU.Build.0 = Release|Any CPU
	EndGlobalSection
	GlobalSection(SolutionProperties) = preSolution
		HideSolutionNode = FALSE
	EndGlobalSection
	GlobalSection(ExtensibilityGlobals) = postSolution
		SolutionGuid = {470DC91A-924D-4E8D-83FE-5DB07C1E579F}
	EndGlobalSection
EndGlobal
